
Microsoft Visual Studio Solution File, Format Version 12.00
# Visual Studio 15
VisualStudioVersion = 15.0.28010.2026
MinimumVisualStudioVersion = 10.0.40219.1
Project("{FAE04EC0-301F-11D3-BF4B-00C04F79EFBC}") = "Tests.SpecFlow", "Tests.SpecFlow\Tests.SpecFlow.csproj", "{2C9CE740-9713-4331-A137-A73D37A621F5}"
EndProject
Project("{FAE04EC0-301F-11D3-BF4B-00C04F79EFBC}") = "Tests.NUnit", "Tests.NUnit\Tests.NUnit.csproj", "{7C8F756E-E0FC-4650-814B-C21ECD137F4D}"
EndProject
Project("{FAE04EC0-301F-11D3-BF4B-00C04F79EFBC}") = "Pages", "Pages\Pages.csproj", "{9D32E7DE-9D17-4508-8FA1-115B38AC3201}"
EndProject
Global
	GlobalSection(SolutionConfigurationPlatforms) = preSolution
		Debug|Any CPU = Debug|Any CPU
		Release|Any CPU = Release|Any CPU
	EndGlobalSection
	GlobalSection(ProjectConfigurationPlatforms) = postSolution
		{2C9CE740-9713-4331-A137-A73D37A621F5}.Debug|Any CPU.ActiveCfg = Debug|Any CPU
		{2C9CE740-9713-4331-A137-A73D37A621F5}.Debug|Any CPU.Build.0 = Debug|Any CPU
		{2C9CE740-9713-4331-A137-A73D37A621F5}.Release|Any CPU.ActiveCfg = Release|Any CPU
		{2C9CE740-9713-4331-A137-A73D37A621F5}.Release|Any CPU.Build.0 = Release|Any CPU
		{7C8F756E-E0FC-4650-814B-C21ECD137F4D}.Debug|Any CPU.ActiveCfg = Debug|Any CPU
		{7C8F756E-E0FC-4650-814B-C21ECD137F4D}.Debug|Any CPU.Build.0 = Debug|Any CPU
		{7C8F756E-E0FC-4650-814B-C21ECD137F4D}.Release|Any CPU.ActiveCfg = Release|Any CPU
		{7C8F756E-E0FC-4650-814B-C21ECD137F4D}.Release|Any CPU.Build.0 = Release|Any CPU
		{9D32E7DE-9D17-4508-8FA1-115B38AC3201}.Debug|Any CPU.ActiveCfg = Debug|Any CPU
		{9D32E7DE-9D17-4508-8FA1-115B38AC3201}.Debug|Any CPU.Build.0 = Debug|Any CPU
		{9D32E7DE-9D17-4508-8FA1-115B38AC3201}.Release|Any CPU.ActiveCfg = Release|Any CPU
		{9D32E7DE-9D17-4508-8FA1-115B38AC3201}.Release|Any CPU.Build.0 = Release|Any CPU
	EndGlobalSection
	GlobalSection(SolutionProperties) = preSolution
		HideSolutionNode = FALSE
	EndGlobalSection
	GlobalSection(ExtensibilityGlobals) = postSolution
		SolutionGuid = {07920205-3874-41F6-9442-6BD9294D9E51}
	EndGlobalSection
EndGlobal
